
Microsoft Visual Studio Solution File, Format Version 12.00
# Visual Studio Version 17
VisualStudioVersion = 17.1.32319.34
MinimumVisualStudioVersion = 10.0.40219.1
Project("{FAE04EC0-301F-11D3-BF4B-00C04F79EFBC}") = "WpfApp2", "WpfApp2\WpfApp2.csproj", "{BEA3CC9D-A493-498C-93B8-D662FC254A0B}"
EndProject
Global
	GlobalSection(SolutionConfigurationPlatforms) = preSolution
		Debug|Any CPU = Debug|Any CPU
		Release|Any CPU = Release|Any CPU
	EndGlobalSection
	GlobalSection(ProjectConfigurationPlatforms) = postSolution
		{BEA3CC9D-A493-498C-93B8-D662FC254A0B}.Debug|Any CPU.ActiveCfg = Debug|Any CPU
		{BEA3CC9D-A493-498C-93B8-D662FC254A0B}.Debug|Any CPU.Build.0 = Debug|Any CPU
		{BEA3CC9D-A493-498C-93B8-D662FC254A0B}.Release|Any CPU.ActiveCfg = Release|Any CPU
		{BEA3CC9D-A493-498C-93B8-D662FC254A0B}.Release|Any CPU.Build.0 = Release|Any CPU
	EndGlobalSection
	GlobalSection(SolutionProperties) = preSolution
		HideSolutionNode = FALSE
	EndGlobalSection
	GlobalSection(ExtensibilityGlobals) = postSolution
		SolutionGuid = {67A70B4E-C39D-4EB6-8C60-7E6F15FE0129}
	EndGlobalSection
EndGlobal
